
Microsoft Visual Studio Solution File, Format Version 12.00
# Visual Studio Version 17
VisualStudioVersion = 17.6.33815.320
MinimumVisualStudioVersion = 10.0.40219.1
Project("{FAE04EC0-301F-11D3-BF4B-00C04F79EFBC}") = "Common.Storage", "Common.Storage.csproj", "{FF395887-7AB1-4851-878C-9CD4F333BF52}"
EndProject
Global
	GlobalSection(SolutionConfigurationPlatforms) = preSolution
		Debug|Any CPU = Debug|Any CPU
		Release|Any CPU = Release|Any CPU
	EndGlobalSection
	GlobalSection(ProjectConfigurationPlatforms) = postSolution
		{FF395887-7AB1-4851-878C-9CD4F333BF52}.Debug|Any CPU.ActiveCfg = Debug|Any CPU
		{FF395887-7AB1-4851-878C-9CD4F333BF52}.Debug|Any CPU.Build.0 = Debug|Any CPU
		{FF395887-7AB1-4851-878C-9CD4F333BF52}.Release|Any CPU.ActiveCfg = Release|Any CPU
		{FF395887-7AB1-4851-878C-9CD4F333BF52}.Release|Any CPU.Build.0 = Release|Any CPU
	EndGlobalSection
	GlobalSection(SolutionProperties) = preSolution
		HideSolutionNode = FALSE
	EndGlobalSection
	GlobalSection(ExtensibilityGlobals) = postSolution
		SolutionGuid = {D573B2DA-F9B5-4750-9FD4-FD6E47C68435}
	EndGlobalSection
EndGlobal
